
Microsoft Visual Studio Solution File, Format Version 12.00
# Visual Studio Version 16
VisualStudioVersion = 16.0.31019.35
MinimumVisualStudioVersion = 10.0.40219.1
Project("{FAE04EC0-301F-11D3-BF4B-00C04F79EFBC}") = "Demo.Services.Models", "Demo.Services.Models\Demo.Services.Models.csproj", "{423EBBFF-E3CF-4E38-A591-C4C802050E43}"
EndProject
Global
	GlobalSection(SolutionConfigurationPlatforms) = preSolution
		Debug|Any CPU = Debug|Any CPU
		Release|Any CPU = Release|Any CPU
	EndGlobalSection
	GlobalSection(ProjectConfigurationPlatforms) = postSolution
		{423EBBFF-E3CF-4E38-A591-C4C802050E43}.Debug|Any CPU.ActiveCfg = Debug|Any CPU
		{423EBBFF-E3CF-4E38-A591-C4C802050E43}.Debug|Any CPU.Build.0 = Debug|Any CPU
		{423EBBFF-E3CF-4E38-A591-C4C802050E43}.Release|Any CPU.ActiveCfg = Release|Any CPU
		{423EBBFF-E3CF-4E38-A591-C4C802050E43}.Release|Any CPU.Build.0 = Release|Any CPU
	EndGlobalSection
	GlobalSection(SolutionProperties) = preSolution
		HideSolutionNode = FALSE
	EndGlobalSection
	GlobalSection(ExtensibilityGlobals) = postSolution
		SolutionGuid = {AA72399A-CF97-439E-8229-33206EFF466C}
	EndGlobalSection
EndGlobal
